
Microsoft Visual Studio Solution File, Format Version 12.00
# Visual Studio Version 17
VisualStudioVersion = 17.7.34031.279
MinimumVisualStudioVersion = 10.0.40219.1
Project("{FAE04EC0-301F-11D3-BF4B-00C04F79EFBC}") = "TestAUTProj", "TestAUTProj\TestAUTProj.csproj", "{ED48025B-8F98-431F-99A6-0280A3C59BE6}"
EndProject
Global
	GlobalSection(SolutionConfigurationPlatforms) = preSolution
		Debug|Any CPU = Debug|Any CPU
		Release|Any CPU = Release|Any CPU
	EndGlobalSection
	GlobalSection(ProjectConfigurationPlatforms) = postSolution
		{ED48025B-8F98-431F-99A6-0280A3C59BE6}.Debug|Any CPU.ActiveCfg = Debug|Any CPU
		{ED48025B-8F98-431F-99A6-0280A3C59BE6}.Debug|Any CPU.Build.0 = Debug|Any CPU
		{ED48025B-8F98-431F-99A6-0280A3C59BE6}.Release|Any CPU.ActiveCfg = Release|Any CPU
		{ED48025B-8F98-431F-99A6-0280A3C59BE6}.Release|Any CPU.Build.0 = Release|Any CPU
	EndGlobalSection
	GlobalSection(SolutionProperties) = preSolution
		HideSolutionNode = FALSE
	EndGlobalSection
	GlobalSection(ExtensibilityGlobals) = postSolution
		SolutionGuid = {19B78667-5EC6-49A7-8FD9-FE21CAB9E649}
	EndGlobalSection
EndGlobal
